
Microsoft Visual Studio Solution File, Format Version 12.00
# Visual Studio Version 17
VisualStudioVersion = 17.11.35327.3
MinimumVisualStudioVersion = 10.0.40219.1
Project("{FAE04EC0-301F-11D3-BF4B-00C04F79EFBC}") = "LeetCode", "LeetCode\LeetCode.csproj", "{ED8ABD41-E50C-4335-A5A3-1C0CBA6303E0}"
EndProject
Project("{FAE04EC0-301F-11D3-BF4B-00C04F79EFBC}") = "LeetCode.Test", "LeetCode.Test\LeetCode.Test.csproj", "{7D603B13-4E33-4FC4-9AD8-180A41747B97}"
EndProject
Global
	GlobalSection(SolutionConfigurationPlatforms) = preSolution
		Debug|Any CPU = Debug|Any CPU
		Release|Any CPU = Release|Any CPU
	EndGlobalSection
	GlobalSection(ProjectConfigurationPlatforms) = postSolution
		{ED8ABD41-E50C-4335-A5A3-1C0CBA6303E0}.Debug|Any CPU.ActiveCfg = Debug|Any CPU
		{ED8ABD41-E50C-4335-A5A3-1C0CBA6303E0}.Debug|Any CPU.Build.0 = Debug|Any CPU
		{ED8ABD41-E50C-4335-A5A3-1C0CBA6303E0}.Release|Any CPU.ActiveCfg = Release|Any CPU
		{ED8ABD41-E50C-4335-A5A3-1C0CBA6303E0}.Release|Any CPU.Build.0 = Release|Any CPU
		{7D603B13-4E33-4FC4-9AD8-180A41747B97}.Debug|Any CPU.ActiveCfg = Debug|Any CPU
		{7D603B13-4E33-4FC4-9AD8-180A41747B97}.Debug|Any CPU.Build.0 = Debug|Any CPU
		{7D603B13-4E33-4FC4-9AD8-180A41747B97}.Release|Any CPU.ActiveCfg = Release|Any CPU
		{7D603B13-4E33-4FC4-9AD8-180A41747B97}.Release|Any CPU.Build.0 = Release|Any CPU
	EndGlobalSection
	GlobalSection(SolutionProperties) = preSolution
		HideSolutionNode = FALSE
	EndGlobalSection
	GlobalSection(ExtensibilityGlobals) = postSolution
		SolutionGuid = {3FE2639B-4E39-4936-A397-DA8131539BA3}
	EndGlobalSection
EndGlobal
